
Microsoft Visual Studio Solution File, Format Version 12.00
# Visual Studio Version 16
VisualStudioVersion = 16.0.30114.105
MinimumVisualStudioVersion = 10.0.40219.1
Project("{FAE04EC0-301F-11D3-BF4B-00C04F79EFBC}") = "twitter-api-service", "twitter-api-service\twitter-api-service.csproj", "{E053D556-459A-4601-BBEF-274240F739DC}"
EndProject
Project("{FAE04EC0-301F-11D3-BF4B-00C04F79EFBC}") = "twitter-api-service-test", "twitter-api-service-test\twitter-api-service-test.csproj", "{2827B360-6CEE-49AC-ACFA-77E1F50CEEF1}"
EndProject
Project("{FAE04EC0-301F-11D3-BF4B-00C04F79EFBC}") = "console-client", "console-client\console-client.csproj", "{3670F875-35BB-4EE0-86A7-09BCF879848D}"
EndProject
Global
	GlobalSection(SolutionConfigurationPlatforms) = preSolution
		Debug|Any CPU = Debug|Any CPU
		Debug|x64 = Debug|x64
		Debug|x86 = Debug|x86
		Release|Any CPU = Release|Any CPU
		Release|x64 = Release|x64
		Release|x86 = Release|x86
	EndGlobalSection
	GlobalSection(SolutionProperties) = preSolution
		HideSolutionNode = FALSE
	EndGlobalSection
	GlobalSection(ProjectConfigurationPlatforms) = postSolution
		{E053D556-459A-4601-BBEF-274240F739DC}.Debug|Any CPU.ActiveCfg = Debug|Any CPU
		{E053D556-459A-4601-BBEF-274240F739DC}.Debug|Any CPU.Build.0 = Debug|Any CPU
		{E053D556-459A-4601-BBEF-274240F739DC}.Debug|x64.ActiveCfg = Debug|Any CPU
		{E053D556-459A-4601-BBEF-274240F739DC}.Debug|x64.Build.0 = Debug|Any CPU
		{E053D556-459A-4601-BBEF-274240F739DC}.Debug|x86.ActiveCfg = Debug|Any CPU
		{E053D556-459A-4601-BBEF-274240F739DC}.Debug|x86.Build.0 = Debug|Any CPU
		{E053D556-459A-4601-BBEF-274240F739DC}.Release|Any CPU.ActiveCfg = Release|Any CPU
		{E053D556-459A-4601-BBEF-274240F739DC}.Release|Any CPU.Build.0 = Release|Any CPU
		{E053D556-459A-4601-BBEF-274240F739DC}.Release|x64.ActiveCfg = Release|Any CPU
		{E053D556-459A-4601-BBEF-274240F739DC}.Release|x64.Build.0 = Release|Any CPU
		{E053D556-459A-4601-BBEF-274240F739DC}.Release|x86.ActiveCfg = Release|Any CPU
		{E053D556-459A-4601-BBEF-274240F739DC}.Release|x86.Build.0 = Release|Any CPU
		{2827B360-6CEE-49AC-ACFA-77E1F50CEEF1}.Debug|Any CPU.ActiveCfg = Debug|Any CPU
		{2827B360-6CEE-49AC-ACFA-77E1F50CEEF1}.Debug|Any CPU.Build.0 = Debug|Any CPU
		{2827B360-6CEE-49AC-ACFA-77E1F50CEEF1}.Debug|x64.ActiveCfg = Debug|Any CPU
		{2827B360-6CEE-49AC-ACFA-77E1F50CEEF1}.Debug|x64.Build.0 = Debug|Any CPU
		{2827B360-6CEE-49AC-ACFA-77E1F50CEEF1}.Debug|x86.ActiveCfg = Debug|Any CPU
		{2827B360-6CEE-49AC-ACFA-77E1F50CEEF1}.Debug|x86.Build.0 = Debug|Any CPU
		{2827B360-6CEE-49AC-ACFA-77E1F50CEEF1}.Release|Any CPU.ActiveCfg = Release|Any CPU
		{2827B360-6CEE-49AC-ACFA-77E1F50CEEF1}.Release|Any CPU.Build.0 = Release|Any CPU
		{2827B360-6CEE-49AC-ACFA-77E1F50CEEF1}.Release|x64.ActiveCfg = Release|Any CPU
		{2827B360-6CEE-49AC-ACFA-77E1F50CEEF1}.Release|x64.Build.0 = Release|Any CPU
		{2827B360-6CEE-49AC-ACFA-77E1F50CEEF1}.Release|x86.ActiveCfg = Release|Any CPU
		{2827B360-6CEE-49AC-ACFA-77E1F50CEEF1}.Release|x86.Build.0 = Release|Any CPU
		{3670F875-35BB-4EE0-86A7-09BCF879848D}.Debug|Any CPU.ActiveCfg = Debug|Any CPU
		{3670F875-35BB-4EE0-86A7-09BCF879848D}.Debug|Any CPU.Build.0 = Debug|Any CPU
		{3670F875-35BB-4EE0-86A7-09BCF879848D}.Debug|x64.ActiveCfg = Debug|Any CPU
		{3670F875-35BB-4EE0-86A7-09BCF879848D}.Debug|x64.Build.0 = Debug|Any CPU
		{3670F875-35BB-4EE0-86A7-09BCF879848D}.Debug|x86.ActiveCfg = Debug|Any CPU
		{3670F875-35BB-4EE0-86A7-09BCF879848D}.Debug|x86.Build.0 = Debug|Any CPU
		{3670F875-35BB-4EE0-86A7-09BCF879848D}.Release|Any CPU.ActiveCfg = Release|Any CPU
		{3670F875-35BB-4EE0-86A7-09BCF879848D}.Release|Any CPU.Build.0 = Release|Any CPU
		{3670F875-35BB-4EE0-86A7-09BCF879848D}.Release|x64.ActiveCfg = Release|Any CPU
		{3670F875-35BB-4EE0-86A7-09BCF879848D}.Release|x64.Build.0 = Release|Any CPU
		{3670F875-35BB-4EE0-86A7-09BCF879848D}.Release|x86.ActiveCfg = Release|Any CPU
		{3670F875-35BB-4EE0-86A7-09BCF879848D}.Release|x86.Build.0 = Release|Any CPU
	EndGlobalSection
EndGlobal
